
Microsoft Visual Studio Solution File, Format Version 12.00
# Visual Studio Version 17
VisualStudioVersion = 17.11.35327.3
MinimumVisualStudioVersion = 10.0.40219.1
Project("{8BC9CEB8-8B4A-11D0-8D11-00A0C91BC942}") = "Task 01", "Task 01\Task 01.vcxproj", "{57E7857E-4038-4AFA-B4F5-3626B25CA8AF}"
EndProject
Project("{8BC9CEB8-8B4A-11D0-8D11-00A0C91BC942}") = "Task 02", "Task 02\Task 02.vcxproj", "{DD93AADD-4610-4803-A2C1-514CEFB08A7D}"
EndProject
Project("{8BC9CEB8-8B4A-11D0-8D11-00A0C91BC942}") = "Task 03", "Task 03\Task 03.vcxproj", "{BDC7B560-88A7-48CD-A8C5-D4055504C2B1}"
EndProject
Project("{8BC9CEB8-8B4A-11D0-8D11-00A0C91BC942}") = "Task 04", "Task 04\Task 04.vcxproj", "{067FFC00-A569-4035-A5F9-8DDB6D4B0ACA}"
EndProject
Project("{8BC9CEB8-8B4A-11D0-8D11-00A0C91BC942}") = "Task 05", "Task 05\Task 05.vcxproj", "{1DB449F7-AF85-42F2-8FF9-65356D30B7F0}"
EndProject
Project("{8BC9CEB8-8B4A-11D0-8D11-00A0C91BC942}") = "Task 06", "Task 06\Task 06.vcxproj", "{4F3C7472-8620-40BF-9F1C-F2295D9731A2}"
EndProject
Global
	GlobalSection(SolutionConfigurationPlatforms) = preSolution
		Debug|x64 = Debug|x64
		Debug|x86 = Debug|x86
		Release|x64 = Release|x64
		Release|x86 = Release|x86
	EndGlobalSection
	GlobalSection(ProjectConfigurationPlatforms) = postSolution
		{57E7857E-4038-4AFA-B4F5-3626B25CA8AF}.Debug|x64.ActiveCfg = Debug|x64
		{57E7857E-4038-4AFA-B4F5-3626B25CA8AF}.Debug|x64.Build.0 = Debug|x64
		{57E7857E-4038-4AFA-B4F5-3626B25CA8AF}.Debug|x86.ActiveCfg = Debug|Win32
		{57E7857E-4038-4AFA-B4F5-3626B25CA8AF}.Debug|x86.Build.0 = Debug|Win32
		{57E7857E-4038-4AFA-B4F5-3626B25CA8AF}.Release|x64.ActiveCfg = Release|x64
		{57E7857E-4038-4AFA-B4F5-3626B25CA8AF}.Release|x64.Build.0 = Release|x64
		{57E7857E-4038-4AFA-B4F5-3626B25CA8AF}.Release|x86.ActiveCfg = Release|Win32
		{57E7857E-4038-4AFA-B4F5-3626B25CA8AF}.Release|x86.Build.0 = Release|Win32
		{DD93AADD-4610-4803-A2C1-514CEFB08A7D}.Debug|x64.ActiveCfg = Debug|x64
		{DD93AADD-4610-4803-A2C1-514CEFB08A7D}.Debug|x64.Build.0 = Debug|x64
		{DD93AADD-4610-4803-A2C1-514CEFB08A7D}.Debug|x86.ActiveCfg = Debug|Win32
		{DD93AADD-4610-4803-A2C1-514CEFB08A7D}.Debug|x86.Build.0 = Debug|Win32
		{DD93AADD-4610-4803-A2C1-514CEFB08A7D}.Release|x64.ActiveCfg = Release|x64
		{DD93AADD-4610-4803-A2C1-514CEFB08A7D}.Release|x64.Build.0 = Release|x64
		{DD93AADD-4610-4803-A2C1-514CEFB08A7D}.Release|x86.ActiveCfg = Release|Win32
		{DD93AADD-4610-4803-A2C1-514CEFB08A7D}.Release|x86.Build.0 = Release|Win32
		{BDC7B560-88A7-48CD-A8C5-D4055504C2B1}.Debug|x64.ActiveCfg = Debug|x64
		{BDC7B560-88A7-48CD-A8C5-D4055504C2B1}.Debug|x64.Build.0 = Debug|x64
		{BDC7B560-88A7-48CD-A8C5-D4055504C2B1}.Debug|x86.ActiveCfg = Debug|Win32
		{BDC7B560-88A7-48CD-A8C5-D4055504C2B1}.Debug|x86.Build.0 = Debug|Win32
		{BDC7B560-88A7-48CD-A8C5-D4055504C2B1}.Release|x64.ActiveCfg = Release|x64
		{BDC7B560-88A7-48CD-A8C5-D4055504C2B1}.Release|x64.Build.0 = Release|x64
		{BDC7B560-88A7-48CD-A8C5-D4055504C2B1}.Release|x86.ActiveCfg = Release|Win32
		{BDC7B560-88A7-48CD-A8C5-D4055504C2B1}.Release|x86.Build.0 = Release|Win32
		{067FFC00-A569-4035-A5F9-8DDB6D4B0ACA}.Debug|x64.ActiveCfg = Debug|x64
		{067FFC00-A569-4035-A5F9-8DDB6D4B0ACA}.Debug|x64.Build.0 = Debug|x64
		{067FFC00-A569-4035-A5F9-8DDB6D4B0ACA}.Debug|x86.ActiveCfg = Debug|Win32
		{067FFC00-A569-4035-A5F9-8DDB6D4B0ACA}.Debug|x86.Build.0 = Debug|Win32
		{067FFC00-A569-4035-A5F9-8DDB6D4B0ACA}.Release|x64.ActiveCfg = Release|x64
		{067FFC00-A569-4035-A5F9-8DDB6D4B0ACA}.Release|x64.Build.0 = Release|x64
		{067FFC00-A569-4035-A5F9-8DDB6D4B0ACA}.Release|x86.ActiveCfg = Release|Win32
		{067FFC00-A569-4035-A5F9-8DDB6D4B0ACA}.Release|x86.Build.0 = Release|Win32
		{1DB449F7-AF85-42F2-8FF9-65356D30B7F0}.Debug|x64.ActiveCfg = Debug|x64
		{1DB449F7-AF85-42F2-8FF9-65356D30B7F0}.Debug|x64.Build.0 = Debug|x64
		{1DB449F7-AF85-42F2-8FF9-65356D30B7F0}.Debug|x86.ActiveCfg = Debug|Win32
		{1DB449F7-AF85-42F2-8FF9-65356D30B7F0}.Debug|x86.Build.0 = Debug|Win32
		{1DB449F7-AF85-42F2-8FF9-65356D30B7F0}.Release|x64.ActiveCfg = Release|x64
		{1DB449F7-AF85-42F2-8FF9-65356D30B7F0}.Release|x64.Build.0 = Release|x64
		{1DB449F7-AF85-42F2-8FF9-65356D30B7F0}.Release|x86.ActiveCfg = Release|Win32
		{1DB449F7-AF85-42F2-8FF9-65356D30B7F0}.Release|x86.Build.0 = Release|Win32
		{4F3C7472-8620-40BF-9F1C-F2295D9731A2}.Debug|x64.ActiveCfg = Debug|x64
		{4F3C7472-8620-40BF-9F1C-F2295D9731A2}.Debug|x64.Build.0 = Debug|x64
		{4F3C7472-8620-40BF-9F1C-F2295D9731A2}.Debug|x86.ActiveCfg = Debug|Win32
		{4F3C7472-8620-40BF-9F1C-F2295D9731A2}.Debug|x86.Build.0 = Debug|Win32
		{4F3C7472-8620-40BF-9F1C-F2295D9731A2}.Release|x64.ActiveCfg = Release|x64
		{4F3C7472-8620-40BF-9F1C-F2295D9731A2}.Release|x64.Build.0 = Release|x64
		{4F3C7472-8620-40BF-9F1C-F2295D9731A2}.Release|x86.ActiveCfg = Release|Win32
		{4F3C7472-8620-40BF-9F1C-F2295D9731A2}.Release|x86.Build.0 = Release|Win32
	EndGlobalSection
	GlobalSection(SolutionProperties) = preSolution
		HideSolutionNode = FALSE
	EndGlobalSection
	GlobalSection(ExtensibilityGlobals) = postSolution
		SolutionGuid = {57E0DB2F-D70D-40B6-9798-5EA545B4F2A7}
	EndGlobalSection
EndGlobal
