
Microsoft Visual Studio Solution File, Format Version 12.00
# Visual Studio Version 17
VisualStudioVersion = 17.11.35327.3
MinimumVisualStudioVersion = 10.0.40219.1
Project("{8BC9CEB8-8B4A-11D0-8D11-00A0C91BC942}") = "Task 01", "Task 01\Task 01.vcxproj", "{40234822-FD0A-489B-936F-77CD23438264}"
EndProject
Project("{8BC9CEB8-8B4A-11D0-8D11-00A0C91BC942}") = "Task 02", "Task 02\Task 02.vcxproj", "{AC843216-5809-4CEA-AE30-81B0AB19A53F}"
EndProject
Project("{8BC9CEB8-8B4A-11D0-8D11-00A0C91BC942}") = "Demo", "Demo\Demo.vcxproj", "{8E436637-7AAA-40CD-B79E-A9E05FB32432}"
EndProject
Project("{8BC9CEB8-8B4A-11D0-8D11-00A0C91BC942}") = "Task 03", "Task 03\Task 03.vcxproj", "{2FE9B273-F542-4628-9AB4-16EBC59FF954}"
EndProject
Global
	GlobalSection(SolutionConfigurationPlatforms) = preSolution
		Debug|x64 = Debug|x64
		Debug|x86 = Debug|x86
		Release|x64 = Release|x64
		Release|x86 = Release|x86
	EndGlobalSection
	GlobalSection(ProjectConfigurationPlatforms) = postSolution
		{40234822-FD0A-489B-936F-77CD23438264}.Debug|x64.ActiveCfg = Debug|x64
		{40234822-FD0A-489B-936F-77CD23438264}.Debug|x64.Build.0 = Debug|x64
		{40234822-FD0A-489B-936F-77CD23438264}.Debug|x86.ActiveCfg = Debug|Win32
		{40234822-FD0A-489B-936F-77CD23438264}.Debug|x86.Build.0 = Debug|Win32
		{40234822-FD0A-489B-936F-77CD23438264}.Release|x64.ActiveCfg = Release|x64
		{40234822-FD0A-489B-936F-77CD23438264}.Release|x64.Build.0 = Release|x64
		{40234822-FD0A-489B-936F-77CD23438264}.Release|x86.ActiveCfg = Release|Win32
		{40234822-FD0A-489B-936F-77CD23438264}.Release|x86.Build.0 = Release|Win32
		{AC843216-5809-4CEA-AE30-81B0AB19A53F}.Debug|x64.ActiveCfg = Debug|x64
		{AC843216-5809-4CEA-AE30-81B0AB19A53F}.Debug|x64.Build.0 = Debug|x64
		{AC843216-5809-4CEA-AE30-81B0AB19A53F}.Debug|x86.ActiveCfg = Debug|Win32
		{AC843216-5809-4CEA-AE30-81B0AB19A53F}.Debug|x86.Build.0 = Debug|Win32
		{AC843216-5809-4CEA-AE30-81B0AB19A53F}.Release|x64.ActiveCfg = Release|x64
		{AC843216-5809-4CEA-AE30-81B0AB19A53F}.Release|x64.Build.0 = Release|x64
		{AC843216-5809-4CEA-AE30-81B0AB19A53F}.Release|x86.ActiveCfg = Release|Win32
		{AC843216-5809-4CEA-AE30-81B0AB19A53F}.Release|x86.Build.0 = Release|Win32
		{8E436637-7AAA-40CD-B79E-A9E05FB32432}.Debug|x64.ActiveCfg = Debug|x64
		{8E436637-7AAA-40CD-B79E-A9E05FB32432}.Debug|x64.Build.0 = Debug|x64
		{8E436637-7AAA-40CD-B79E-A9E05FB32432}.Debug|x86.ActiveCfg = Debug|Win32
		{8E436637-7AAA-40CD-B79E-A9E05FB32432}.Debug|x86.Build.0 = Debug|Win32
		{8E436637-7AAA-40CD-B79E-A9E05FB32432}.Release|x64.ActiveCfg = Release|x64
		{8E436637-7AAA-40CD-B79E-A9E05FB32432}.Release|x64.Build.0 = Release|x64
		{8E436637-7AAA-40CD-B79E-A9E05FB32432}.Release|x86.ActiveCfg = Release|Win32
		{8E436637-7AAA-40CD-B79E-A9E05FB32432}.Release|x86.Build.0 = Release|Win32
		{2FE9B273-F542-4628-9AB4-16EBC59FF954}.Debug|x64.ActiveCfg = Debug|x64
		{2FE9B273-F542-4628-9AB4-16EBC59FF954}.Debug|x64.Build.0 = Debug|x64
		{2FE9B273-F542-4628-9AB4-16EBC59FF954}.Debug|x86.ActiveCfg = Debug|Win32
		{2FE9B273-F542-4628-9AB4-16EBC59FF954}.Debug|x86.Build.0 = Debug|Win32
		{2FE9B273-F542-4628-9AB4-16EBC59FF954}.Release|x64.ActiveCfg = Release|x64
		{2FE9B273-F542-4628-9AB4-16EBC59FF954}.Release|x64.Build.0 = Release|x64
		{2FE9B273-F542-4628-9AB4-16EBC59FF954}.Release|x86.ActiveCfg = Release|Win32
		{2FE9B273-F542-4628-9AB4-16EBC59FF954}.Release|x86.Build.0 = Release|Win32
	EndGlobalSection
	GlobalSection(SolutionProperties) = preSolution
		HideSolutionNode = FALSE
	EndGlobalSection
	GlobalSection(ExtensibilityGlobals) = postSolution
		SolutionGuid = {E3EE6B07-D16E-4179-AFD7-C467543FEEB3}
	EndGlobalSection
EndGlobal
