
Microsoft Visual Studio Solution File, Format Version 12.00
# Visual Studio Version 17
VisualStudioVersion = 17.11.35327.3
MinimumVisualStudioVersion = 10.0.40219.1
Project("{8BC9CEB8-8B4A-11D0-8D11-00A0C91BC942}") = "Task 01", "Task 01\Task 01.vcxproj", "{342DB1EC-410B-4751-8514-D0FA9BCEB435}"
EndProject
Project("{8BC9CEB8-8B4A-11D0-8D11-00A0C91BC942}") = "Task 02", "Task 02\Task 02.vcxproj", "{8B2FB030-4CA0-4D9D-8F9A-61BEE4DE9E7F}"
EndProject
Global
	GlobalSection(SolutionConfigurationPlatforms) = preSolution
		Debug|x64 = Debug|x64
		Debug|x86 = Debug|x86
		Release|x64 = Release|x64
		Release|x86 = Release|x86
	EndGlobalSection
	GlobalSection(ProjectConfigurationPlatforms) = postSolution
		{342DB1EC-410B-4751-8514-D0FA9BCEB435}.Debug|x64.ActiveCfg = Debug|x64
		{342DB1EC-410B-4751-8514-D0FA9BCEB435}.Debug|x64.Build.0 = Debug|x64
		{342DB1EC-410B-4751-8514-D0FA9BCEB435}.Debug|x86.ActiveCfg = Debug|Win32
		{342DB1EC-410B-4751-8514-D0FA9BCEB435}.Debug|x86.Build.0 = Debug|Win32
		{342DB1EC-410B-4751-8514-D0FA9BCEB435}.Release|x64.ActiveCfg = Release|x64
		{342DB1EC-410B-4751-8514-D0FA9BCEB435}.Release|x64.Build.0 = Release|x64
		{342DB1EC-410B-4751-8514-D0FA9BCEB435}.Release|x86.ActiveCfg = Release|Win32
		{342DB1EC-410B-4751-8514-D0FA9BCEB435}.Release|x86.Build.0 = Release|Win32
		{8B2FB030-4CA0-4D9D-8F9A-61BEE4DE9E7F}.Debug|x64.ActiveCfg = Debug|x64
		{8B2FB030-4CA0-4D9D-8F9A-61BEE4DE9E7F}.Debug|x64.Build.0 = Debug|x64
		{8B2FB030-4CA0-4D9D-8F9A-61BEE4DE9E7F}.Debug|x86.ActiveCfg = Debug|Win32
		{8B2FB030-4CA0-4D9D-8F9A-61BEE4DE9E7F}.Debug|x86.Build.0 = Debug|Win32
		{8B2FB030-4CA0-4D9D-8F9A-61BEE4DE9E7F}.Release|x64.ActiveCfg = Release|x64
		{8B2FB030-4CA0-4D9D-8F9A-61BEE4DE9E7F}.Release|x64.Build.0 = Release|x64
		{8B2FB030-4CA0-4D9D-8F9A-61BEE4DE9E7F}.Release|x86.ActiveCfg = Release|Win32
		{8B2FB030-4CA0-4D9D-8F9A-61BEE4DE9E7F}.Release|x86.Build.0 = Release|Win32
	EndGlobalSection
	GlobalSection(SolutionProperties) = preSolution
		HideSolutionNode = FALSE
	EndGlobalSection
	GlobalSection(ExtensibilityGlobals) = postSolution
		SolutionGuid = {67D5CA66-C0C6-4C40-8223-138EF16CB20D}
	EndGlobalSection
EndGlobal
