
Microsoft Visual Studio Solution File, Format Version 12.00
# Visual Studio Version 17
VisualStudioVersion = 17.11.35327.3
MinimumVisualStudioVersion = 10.0.40219.1
Project("{8BC9CEB8-8B4A-11D0-8D11-00A0C91BC942}") = "Task 01", "Task 01\Task 01.vcxproj", "{4F3700EC-2033-4056-8700-BB7B0BD50FAB}"
EndProject
Project("{8BC9CEB8-8B4A-11D0-8D11-00A0C91BC942}") = "Task 02", "Task 02\Task 02.vcxproj", "{E8BE5253-3FB7-484E-9FCD-810311E732EA}"
EndProject
Global
	GlobalSection(SolutionConfigurationPlatforms) = preSolution
		Debug|x64 = Debug|x64
		Debug|x86 = Debug|x86
		Release|x64 = Release|x64
		Release|x86 = Release|x86
	EndGlobalSection
	GlobalSection(ProjectConfigurationPlatforms) = postSolution
		{4F3700EC-2033-4056-8700-BB7B0BD50FAB}.Debug|x64.ActiveCfg = Debug|x64
		{4F3700EC-2033-4056-8700-BB7B0BD50FAB}.Debug|x64.Build.0 = Debug|x64
		{4F3700EC-2033-4056-8700-BB7B0BD50FAB}.Debug|x86.ActiveCfg = Debug|Win32
		{4F3700EC-2033-4056-8700-BB7B0BD50FAB}.Debug|x86.Build.0 = Debug|Win32
		{4F3700EC-2033-4056-8700-BB7B0BD50FAB}.Release|x64.ActiveCfg = Release|x64
		{4F3700EC-2033-4056-8700-BB7B0BD50FAB}.Release|x64.Build.0 = Release|x64
		{4F3700EC-2033-4056-8700-BB7B0BD50FAB}.Release|x86.ActiveCfg = Release|Win32
		{4F3700EC-2033-4056-8700-BB7B0BD50FAB}.Release|x86.Build.0 = Release|Win32
		{E8BE5253-3FB7-484E-9FCD-810311E732EA}.Debug|x64.ActiveCfg = Debug|x64
		{E8BE5253-3FB7-484E-9FCD-810311E732EA}.Debug|x64.Build.0 = Debug|x64
		{E8BE5253-3FB7-484E-9FCD-810311E732EA}.Debug|x86.ActiveCfg = Debug|Win32
		{E8BE5253-3FB7-484E-9FCD-810311E732EA}.Debug|x86.Build.0 = Debug|Win32
		{E8BE5253-3FB7-484E-9FCD-810311E732EA}.Release|x64.ActiveCfg = Release|x64
		{E8BE5253-3FB7-484E-9FCD-810311E732EA}.Release|x64.Build.0 = Release|x64
		{E8BE5253-3FB7-484E-9FCD-810311E732EA}.Release|x86.ActiveCfg = Release|Win32
		{E8BE5253-3FB7-484E-9FCD-810311E732EA}.Release|x86.Build.0 = Release|Win32
	EndGlobalSection
	GlobalSection(SolutionProperties) = preSolution
		HideSolutionNode = FALSE
	EndGlobalSection
	GlobalSection(ExtensibilityGlobals) = postSolution
		SolutionGuid = {F7FADA2D-96A5-4FC1-8E59-F9B92CA8FB8F}
	EndGlobalSection
EndGlobal
