
Microsoft Visual Studio Solution File, Format Version 12.00
# Visual Studio Version 17
VisualStudioVersion = 17.11.35327.3
MinimumVisualStudioVersion = 10.0.40219.1
Project("{8BC9CEB8-8B4A-11D0-8D11-00A0C91BC942}") = "Task 01", "Task 01\Task 01.vcxproj", "{8EC3FC5D-AB68-4E52-A065-EDF4B75F8786}"
EndProject
Project("{8BC9CEB8-8B4A-11D0-8D11-00A0C91BC942}") = "Task 02", "Task 02\Task 02.vcxproj", "{F1D1A84D-B2A4-4C4D-B7D4-C20B938E0990}"
EndProject
Global
	GlobalSection(SolutionConfigurationPlatforms) = preSolution
		Debug|x64 = Debug|x64
		Debug|x86 = Debug|x86
		Release|x64 = Release|x64
		Release|x86 = Release|x86
	EndGlobalSection
	GlobalSection(ProjectConfigurationPlatforms) = postSolution
		{8EC3FC5D-AB68-4E52-A065-EDF4B75F8786}.Debug|x64.ActiveCfg = Debug|x64
		{8EC3FC5D-AB68-4E52-A065-EDF4B75F8786}.Debug|x64.Build.0 = Debug|x64
		{8EC3FC5D-AB68-4E52-A065-EDF4B75F8786}.Debug|x86.ActiveCfg = Debug|Win32
		{8EC3FC5D-AB68-4E52-A065-EDF4B75F8786}.Debug|x86.Build.0 = Debug|Win32
		{8EC3FC5D-AB68-4E52-A065-EDF4B75F8786}.Release|x64.ActiveCfg = Release|x64
		{8EC3FC5D-AB68-4E52-A065-EDF4B75F8786}.Release|x64.Build.0 = Release|x64
		{8EC3FC5D-AB68-4E52-A065-EDF4B75F8786}.Release|x86.ActiveCfg = Release|Win32
		{8EC3FC5D-AB68-4E52-A065-EDF4B75F8786}.Release|x86.Build.0 = Release|Win32
		{F1D1A84D-B2A4-4C4D-B7D4-C20B938E0990}.Debug|x64.ActiveCfg = Debug|x64
		{F1D1A84D-B2A4-4C4D-B7D4-C20B938E0990}.Debug|x64.Build.0 = Debug|x64
		{F1D1A84D-B2A4-4C4D-B7D4-C20B938E0990}.Debug|x86.ActiveCfg = Debug|Win32
		{F1D1A84D-B2A4-4C4D-B7D4-C20B938E0990}.Debug|x86.Build.0 = Debug|Win32
		{F1D1A84D-B2A4-4C4D-B7D4-C20B938E0990}.Release|x64.ActiveCfg = Release|x64
		{F1D1A84D-B2A4-4C4D-B7D4-C20B938E0990}.Release|x64.Build.0 = Release|x64
		{F1D1A84D-B2A4-4C4D-B7D4-C20B938E0990}.Release|x86.ActiveCfg = Release|Win32
		{F1D1A84D-B2A4-4C4D-B7D4-C20B938E0990}.Release|x86.Build.0 = Release|Win32
	EndGlobalSection
	GlobalSection(SolutionProperties) = preSolution
		HideSolutionNode = FALSE
	EndGlobalSection
	GlobalSection(ExtensibilityGlobals) = postSolution
		SolutionGuid = {097DC269-8CCB-4A9D-8DF1-C6E46F125738}
	EndGlobalSection
EndGlobal
